
Microsoft Visual Studio Solution File, Format Version 12.00
# Visual Studio Version 17
VisualStudioVersion = 17.8.34525.116
MinimumVisualStudioVersion = 10.0.40219.1
Project("{9A19103F-16F7-4668-BE54-9A1E7A4F7556}") = "TallerMecanico.Presentation", "TallerMecanico.Presentation\TallerMecanico.Presentation.csproj", "{EB51FE25-D28F-483E-85CF-EBB086D3A574}"
EndProject
Project("{9A19103F-16F7-4668-BE54-9A1E7A4F7556}") = "TallerMecanico.BusinessLogic", "BusinessLogic\TallerMecanico.BusinessLogic.csproj", "{E10D299A-4914-4E9B-B27E-02F05DFA10CC}"
EndProject
Project("{9A19103F-16F7-4668-BE54-9A1E7A4F7556}") = "TallerMecanico.Models", "TallerMecanico.Models\TallerMecanico.Models.csproj", "{71814017-76EC-4CF1-8782-42DE29CC3220}"
EndProject
Project("{9A19103F-16F7-4668-BE54-9A1E7A4F7556}") = "TallerMecanico.Persistence", "TallerMecanico.Persistency\TallerMecanico.Persistence.csproj", "{9DF0E8CB-80C6-45BF-9BAC-0D75C188A71B}"
EndProject
Global
	GlobalSection(SolutionConfigurationPlatforms) = preSolution
		Debug|Any CPU = Debug|Any CPU
		Release|Any CPU = Release|Any CPU
	EndGlobalSection
	GlobalSection(ProjectConfigurationPlatforms) = postSolution
		{EB51FE25-D28F-483E-85CF-EBB086D3A574}.Debug|Any CPU.ActiveCfg = Debug|Any CPU
		{EB51FE25-D28F-483E-85CF-EBB086D3A574}.Debug|Any CPU.Build.0 = Debug|Any CPU
		{EB51FE25-D28F-483E-85CF-EBB086D3A574}.Release|Any CPU.ActiveCfg = Release|Any CPU
		{EB51FE25-D28F-483E-85CF-EBB086D3A574}.Release|Any CPU.Build.0 = Release|Any CPU
		{E10D299A-4914-4E9B-B27E-02F05DFA10CC}.Debug|Any CPU.ActiveCfg = Debug|Any CPU
		{E10D299A-4914-4E9B-B27E-02F05DFA10CC}.Debug|Any CPU.Build.0 = Debug|Any CPU
		{E10D299A-4914-4E9B-B27E-02F05DFA10CC}.Release|Any CPU.ActiveCfg = Release|Any CPU
		{E10D299A-4914-4E9B-B27E-02F05DFA10CC}.Release|Any CPU.Build.0 = Release|Any CPU
		{71814017-76EC-4CF1-8782-42DE29CC3220}.Debug|Any CPU.ActiveCfg = Debug|Any CPU
		{71814017-76EC-4CF1-8782-42DE29CC3220}.Debug|Any CPU.Build.0 = Debug|Any CPU
		{71814017-76EC-4CF1-8782-42DE29CC3220}.Release|Any CPU.ActiveCfg = Release|Any CPU
		{71814017-76EC-4CF1-8782-42DE29CC3220}.Release|Any CPU.Build.0 = Release|Any CPU
		{9DF0E8CB-80C6-45BF-9BAC-0D75C188A71B}.Debug|Any CPU.ActiveCfg = Debug|Any CPU
		{9DF0E8CB-80C6-45BF-9BAC-0D75C188A71B}.Debug|Any CPU.Build.0 = Debug|Any CPU
		{9DF0E8CB-80C6-45BF-9BAC-0D75C188A71B}.Release|Any CPU.ActiveCfg = Release|Any CPU
		{9DF0E8CB-80C6-45BF-9BAC-0D75C188A71B}.Release|Any CPU.Build.0 = Release|Any CPU
	EndGlobalSection
	GlobalSection(SolutionProperties) = preSolution
		HideSolutionNode = FALSE
	EndGlobalSection
	GlobalSection(ExtensibilityGlobals) = postSolution
		SolutionGuid = {19FC105B-669A-4077-8663-732B4CA6DC63}
	EndGlobalSection
EndGlobal
